Microsoft Visual Studio Solution File, Format Version 12.00
# Visual Studio Version 17
VisualStudioVersion = 17.9.34526.213
MinimumVisualStudioVersion = 10.0.40219.1
Project("{FAE04EC0-301F-11D3-BF4B-00C04F79EFBC}") = "AspireApp.AppHost", "AspireApp.AppHost\AspireApp.AppHost.csproj", "{EC3583C9-41C0-454F-B37E-4B461F9B0F78}"
EndProject
Project("{9A19103F-16F7-4668-BE54-9A1E7A4F7556}") = "AspireApp.ServiceDefaults", "AspireApp.ServiceDefaults\AspireApp.ServiceDefaults.csproj", "{3BF328F0-FF10-4376-9F39-F2929714C1B1}"
EndProject
Project("{9A19103F-16F7-4668-BE54-9A1E7A4F7556}") = "AspireApp.ApiService", "AspireApp.ApiService\AspireApp.ApiService.csproj", "{0939F0FE-7533-4AC4-B4A5-DAEC422BC475}"
EndProject
Project("{9A19103F-16F7-4668-BE54-9A1E7A4F7556}") = "AspireApp.Web", "AspireApp.Web\AspireApp.Web.csproj", "{C8048914-6AB5-4749-A37B-A8E861E14352}"
EndProject
Global
	GlobalSection(SolutionConfigurationPlatforms) = preSolution
		Debug|Any CPU = Debug|Any CPU
		Release|Any CPU = Release|Any CPU
	EndGlobalSection
	GlobalSection(ProjectConfigurationPlatforms) = postSolution
		{EC3583C9-41C0-454F-B37E-4B461F9B0F78}.Debug|Any CPU.ActiveCfg = Debug|Any CPU
		{EC3583C9-41C0-454F-B37E-4B461F9B0F78}.Debug|Any CPU.Build.0 = Debug|Any CPU
		{EC3583C9-41C0-454F-B37E-4B461F9B0F78}.Release|Any CPU.ActiveCfg = Release|Any CPU
		{EC3583C9-41C0-454F-B37E-4B461F9B0F78}.Release|Any CPU.Build.0 = Release|Any CPU
		{3BF328F0-FF10-4376-9F39-F2929714C1B1}.Debug|Any CPU.ActiveCfg = Debug|Any CPU
		{3BF328F0-FF10-4376-9F39-F2929714C1B1}.Debug|Any CPU.Build.0 = Debug|Any CPU
		{3BF328F0-FF10-4376-9F39-F2929714C1B1}.Release|Any CPU.ActiveCfg = Release|Any CPU
		{3BF328F0-FF10-4376-9F39-F2929714C1B1}.Release|Any CPU.Build.0 = Release|Any CPU
		{0939F0FE-7533-4AC4-B4A5-DAEC422BC475}.Debug|Any CPU.ActiveCfg = Debug|Any CPU
		{0939F0FE-7533-4AC4-B4A5-DAEC422BC475}.Debug|Any CPU.Build.0 = Debug|Any CPU
		{0939F0FE-7533-4AC4-B4A5-DAEC422BC475}.Release|Any CPU.ActiveCfg = Release|Any CPU
		{0939F0FE-7533-4AC4-B4A5-DAEC422BC475}.Release|Any CPU.Build.0 = Release|Any CPU
		{C8048914-6AB5-4749-A37B-A8E861E14352}.Debug|Any CPU.ActiveCfg = Debug|Any CPU
		{C8048914-6AB5-4749-A37B-A8E861E14352}.Debug|Any CPU.Build.0 = Debug|Any CPU
		{C8048914-6AB5-4749-A37B-A8E861E14352}.Release|Any CPU.ActiveCfg = Release|Any CPU
		{C8048914-6AB5-4749-A37B-A8E861E14352}.Release|Any CPU.Build.0 = Release|Any CPU
	EndGlobalSection
	GlobalSection(SolutionProperties) = preSolution
		HideSolutionNode = FALSE
	EndGlobalSection
	GlobalSection(ExtensibilityGlobals) = postSolution
		SolutionGuid = {0A1ACAD2-8534-48ED-98BF-AAE57164940A}
	EndGlobalSection
EndGlobal
